// !$*UTF8*$!
{
	archiveVersion = 1;
	classes = {
	};
	objectVersion = 48;
	objects = {

/* Begin PBXBuildFile section */
		6705C9211F7B413800788878 /* DrawView.swift in Sources */ = {isa = PBXBuildFile; fileRef = 6705C9201F7B413700788878 /* DrawView.swift */; };
		6705C9231F7FA69F00788878 /* MPSconfig in Resources */ = {isa = PBXBuildFile; fileRef = 6705C9221F7FA68700788878 /* MPSconfig */; };
		6726F4551F73F7B600A4C792 /* AppDelegate.swift in Sources */ = {isa = PBXBuildFile; fileRef = 6726F4541F73F7B600A4C792 /* AppDelegate.swift */; };
		6726F4571F73F7B600A4C792 /* ViewController.swift in Sources */ = {isa = PBXBuildFile; fileRef = 6726F4561F73F7B600A4C792 /* ViewController.swift */; };
		6726F45A1F73F7B600A4C792 /* Main.storyboard in Resources */ = {isa = PBXBuildFile; fileRef = 6726F4581F73F7B600A4C792 /* Main.storyboard */; };
		6726F45C1F73F7B600A4C792 /* Assets.xcassets in Resources */ = {isa = PBXBuildFile; fileRef = 6726F45B1F73F7B600A4C792 /* Assets.xcassets */; };
		6726F45F1F73F7B600A4C792 /* LaunchScreen.storyboard in Resources */ = {isa = PBXBuildFile; fileRef = 6726F45D1F73F7B600A4C792 /* LaunchScreen.storyboard */; };
		6726F46A1F73F7B600A4C792 /* MPSWithMetalTests.swift in Sources */ = {isa = PBXBuildFile; fileRef = 6726F4691F73F7B600A4C792 /* MPSWithMetalTests.swift */; };
		6726F4751F73F7B600A4C792 /* MPSWithMetalUITests.swift in Sources */ = {isa = PBXBuildFile; fileRef = 6726F4741F73F7B600A4C792 /* MPSWithMetalUITests.swift */; };
		6726F4831F73F7CD00A4C792 /* TensorOps.metal in Sources */ = {isa = PBXBuildFile; fileRef = 6726F4821F73F7CD00A4C792 /* TensorOps.metal */; };
		679CE8C61F7676D900A7AA7E /* MPS.swift in Sources */ = {isa = PBXBuildFile; fileRef = 679CE8C51F7676D900A7AA7E /* MPS.swift */; };
/* End PBXBuildFile section */

/* Begin PBXContainerItemProxy section */
		6726F4661F73F7B600A4C792 /* PBXContainerItemProxy */ = {
			isa = PBXContainerItemProxy;
			containerPortal = 6726F4491F73F7B600A4C792 /* Project object */;
			proxyType = 1;
			remoteGlobalIDString = 6726F4501F73F7B600A4C792;
			remoteInfo = MPSWithMetal;
		};
		6726F4711F73F7B600A4C792 /* PBXContainerItemProxy */ = {
			isa = PBXContainerItemProxy;
			containerPortal = 6726F4491F73F7B600A4C792 /* Project object */;
			proxyType = 1;
			remoteGlobalIDString = 6726F4501F73F7B600A4C792;
			remoteInfo = MPSWithMetal;
		};
/* End PBXContainerItemProxy section */

/* Begin PBXFileReference section */
		6705C9201F7B413700788878 /* DrawView.swift */ = {isa = PBXFileReference; lastKnownFileType = sourcecode.swift; path = DrawView.swift; sourceTree = "<group>"; };
		6705C9221F7FA68700788878 /* MPSconfig */ = {isa = PBXFileReference; lastKnownFileType = file; name = MPSconfig; path = "../../MPS-MNIST/trmps/MPSconfig"; sourceTree = "<group>"; };
		6726F4511F73F7B600A4C792 /* MPSWithMetal.app */ = {isa = PBXFileReference; explicitFileType = wrapper.application; includeInIndex = 0; path = MPSWithMetal.app; sourceTree = BUILT_PRODUCTS_DIR; };
		6726F4541F73F7B600A4C792 /* AppDelegate.swift */ = {isa = PBXFileReference; lastKnownFileType = sourcecode.swift; path = AppDelegate.swift; sourceTree = "<group>"; };
		6726F4561F73F7B600A4C792 /* ViewController.swift */ = {isa = PBXFileReference; lastKnownFileType = sourcecode.swift; path = ViewController.swift; sourceTree = "<group>"; };
		6726F4591F73F7B600A4C792 /* Base */ = {isa = PBXFileReference; lastKnownFileType = file.storyboard; name = Base; path = Base.lproj/Main.storyboard; sourceTree = "<group>"; };
		6726F45B1F73F7B600A4C792 /* Assets.xcassets */ = {isa = PBXFileReference; lastKnownFileType = folder.assetcatalog; path = Assets.xcassets; sourceTree = "<group>"; };
		6726F45E1F73F7B600A4C792 /* Base */ = {isa = PBXFileReference; lastKnownFileType = file.storyboard; name = Base; path = Base.lproj/LaunchScreen.storyboard; sourceTree = "<group>"; };
		6726F4601F73F7B600A4C792 /* Info.plist */ = {isa = PBXFileReference; lastKnownFileType = text.plist.xml; path = Info.plist; sourceTree = "<group>"; };
		6726F4651F73F7B600A4C792 /* MPSWithMetalTests.xctest */ = {isa = PBXFileReference; explicitFileType = wrapper.cfbundle; includeInIndex = 0; path = MPSWithMetalTests.xctest; sourceTree = BUILT_PRODUCTS_DIR; };
		6726F4691F73F7B600A4C792 /* MPSWithMetalTests.swift */ = {isa = PBXFileReference; lastKnownFileType = sourcecode.swift; path = MPSWithMetalTests.swift; sourceTree = "<group>"; };
		6726F46B1F73F7B600A4C792 /* Info.plist */ = {isa = PBXFileReference; lastKnownFileType = text.plist.xml; path = Info.plist; sourceTree = "<group>"; };
		6726F4701F73F7B600A4C792 /* MPSWithMetalUITests.xctest */ = {isa = PBXFileReference; explicitFileType = wrapper.cfbundle; includeInIndex = 0; path = MPSWithMetalUITests.xctest; sourceTree = BUILT_PRODUCTS_DIR; };
		6726F4741F73F7B600A4C792 /* MPSWithMetalUITests.swift */ = {isa = PBXFileReference; lastKnownFileType = sourcecode.swift; path = MPSWithMetalUITests.swift; sourceTree = "<group>"; };
		6726F4761F73F7B600A4C792 /* Info.plist */ = {isa = PBXFileReference; lastKnownFileType = text.plist.xml; path = Info.plist; sourceTree = "<group>"; };
		6726F4821F73F7CD00A4C792 /* TensorOps.metal */ = {isa = PBXFileReference; lastKnownFileType = sourcecode.metal; path = TensorOps.metal; sourceTree = "<group>"; };
		679CE8C51F7676D900A7AA7E /* MPS.swift */ = {isa = PBXFileReference; lastKnownFileType = sourcecode.swift; path = MPS.swift; sourceTree = "<group>"; };
/* End PBXFileReference section */

/* Begin PBXFrameworksBuildPhase section */
		6726F44E1F73F7B600A4C792 /* Frameworks */ = {
			isa = PBXFrameworksBuildPhase;
			buildActionMask = 2147483647;
			files = (
			);
			runOnlyForDeploymentPostprocessing = 0;
		};
		6726F4621F73F7B600A4C792 /* Frameworks */ = {
			isa = PBXFrameworksBuildPhase;
			buildActionMask = 2147483647;
			files = (
			);
			runOnlyForDeploymentPostprocessing = 0;
		};
		6726F46D1F73F7B600A4C792 /* Frameworks */ = {
			isa = PBXFrameworksBuildPhase;
			buildActionMask = 2147483647;
			files = (
			);
			runOnlyForDeploymentPostprocessing = 0;
		};
/* End PBXFrameworksBuildPhase section */

/* Begin PBXGroup section */
		6726F4481F73F7B600A4C792 = {
			isa = PBXGroup;
			children = (
				6726F4531F73F7B600A4C792 /* MPSWithMetal */,
				6726F4681F73F7B600A4C792 /* MPSWithMetalTests */,
				6726F4731F73F7B600A4C792 /* MPSWithMetalUITests */,
				6726F4521F73F7B600A4C792 /* Products */,
			);
			sourceTree = "<group>";
		};
		6726F4521F73F7B600A4C792 /* Products */ = {
			isa = PBXGroup;
			children = (
				6726F4511F73F7B600A4C792 /* MPSWithMetal.app */,
				6726F4651F73F7B600A4C792 /* MPSWithMetalTests.xctest */,
				6726F4701F73F7B600A4C792 /* MPSWithMetalUITests.xctest */,
			);
			name = Products;
			sourceTree = "<group>";
		};
		6726F4531F73F7B600A4C792 /* MPSWithMetal */ = {
			isa = PBXGroup;
			children = (
				6726F4541F73F7B600A4C792 /* AppDelegate.swift */,
				6726F4821F73F7CD00A4C792 /* TensorOps.metal */,
				6705C9221F7FA68700788878 /* MPSconfig */,
				6726F4561F73F7B600A4C792 /* ViewController.swift */,
				6705C9201F7B413700788878 /* DrawView.swift */,
				679CE8C51F7676D900A7AA7E /* MPS.swift */,
				6726F4581F73F7B600A4C792 /* Main.storyboard */,
				6726F45B1F73F7B600A4C792 /* Assets.xcassets */,
				6726F45D1F73F7B600A4C792 /* LaunchScreen.storyboard */,
				6726F4601F73F7B600A4C792 /* Info.plist */,
			);
			path = MPSWithMetal;
			sourceTree = "<group>";
		};
		6726F4681F73F7B600A4C792 /* MPSWithMetalTests */ = {
			isa = PBXGroup;
			children = (
				6726F4691F73F7B600A4C792 /* MPSWithMetalTests.swift */,
				6726F46B1F73F7B600A4C792 /* Info.plist */,
			);
			path = MPSWithMetalTests;
			sourceTree = "<group>";
		};
		6726F4731F73F7B600A4C792 /* MPSWithMetalUITests */ = {
			isa = PBXGroup;
			children = (
				6726F4741F73F7B600A4C792 /* MPSWithMetalUITests.swift */,
				6726F4761F73F7B600A4C792 /* Info.plist */,
			);
			path = MPSWithMetalUITests;
			sourceTree = "<group>";
		};
/* End PBXGroup section */

/* Begin PBXNativeTarget section */
		6726F4501F73F7B600A4C792 /* MPSWithMetal */ = {
			isa = PBXNativeTarget;
			buildConfigurationList = 6726F4791F73F7B600A4C792 /* Build configuration list for PBXNativeTarget "MPSWithMetal" */;
			buildPhases = (
				6726F44D1F73F7B600A4C792 /* Sources */,
				6726F44E1F73F7B600A4C792 /* Frameworks */,
				6726F44F1F73F7B600A4C792 /* Resources */,
			);
			buildRules = (
			);
			dependencies = (
			);
			name = MPSWithMetal;
			productName = MPSWithMetal;
			productReference = 6726F4511F73F7B600A4C792 /* MPSWithMetal.app */;
			productType = "com.apple.product-type.application";
		};
		6726F4641F73F7B600A4C792 /* MPSWithMetalTests */ = {
			isa = PBXNativeTarget;
			buildConfigurationList = 6726F47C1F73F7B600A4C792 /* Build configuration list for PBXNativeTarget "MPSWithMetalTests" */;
			buildPhases = (
				6726F4611F73F7B600A4C792 /* Sources */,
				6726F4621F73F7B600A4C792 /* Frameworks */,
				6726F4631F73F7B600A4C792 /* Resources */,
			);
			buildRules = (
			);
			dependencies = (
				6726F4671F73F7B600A4C792 /* PBXTargetDependency */,
			);
			name = MPSWithMetalTests;
			productName = MPSWithMetalTests;
			productReference = 6726F4651F73F7B600A4C792 /* MPSWithMetalTests.xctest */;
			productType = "com.apple.product-type.bundle.unit-test";
		};
		6726F46F1F73F7B600A4C792 /* MPSWithMetalUITests */ = {
			isa = PBXNativeTarget;
			buildConfigurationList = 6726F47F1F73F7B600A4C792 /* Build configuration list for PBXNativeTarget "MPSWithMetalUITests" */;
			buildPhases = (
				6726F46C1F73F7B600A4C792 /* Sources */,
				6726F46D1F73F7B600A4C792 /* Frameworks */,
				6726F46E1F73F7B600A4C792 /* Resources */,
			);
			buildRules = (
			);
			dependencies = (
				6726F4721F73F7B600A4C792 /* PBXTargetDependency */,
			);
			name = MPSWithMetalUITests;
			productName = MPSWithMetalUITests;
			productReference = 6726F4701F73F7B600A4C792 /* MPSWithMetalUITests.xctest */;
			productType = "com.apple.product-type.bundle.ui-testing";
		};
/* End PBXNativeTarget section */

/* Begin PBXProject section */
		6726F4491F73F7B600A4C792 /* Project object */ = {
			isa = PBXProject;
			attributes = {
				LastSwiftUpdateCheck = 0900;
				LastUpgradeCheck = 0900;
				ORGANIZATIONNAME = "Taketomo Isazawa";
				TargetAttributes = {
					6726F4501F73F7B600A4C792 = {
						CreatedOnToolsVersion = 9.0;
					};
					6726F4641F73F7B600A4C792 = {
						CreatedOnToolsVersion = 9.0;
						TestTargetID = 6726F4501F73F7B600A4C792;
					};
					6726F46F1F73F7B600A4C792 = {
						CreatedOnToolsVersion = 9.0;
						TestTargetID = 6726F4501F73F7B600A4C792;
					};
				};
			};
			buildConfigurationList = 6726F44C1F73F7B600A4C792 /* Build configuration list for PBXProject "MPSWithMetal" */;
			compatibilityVersion = "Xcode 8.0";
			developmentRegion = en;
			hasScannedForEncodings = 0;
			knownRegions = (
				en,
				Base,
			);
			mainGroup = 6726F4481F73F7B600A4C792;
			productRefGroup = 6726F4521F73F7B600A4C792 /* Products */;
			projectDirPath = "";
			projectRoot = "";
			targets = (
				6726F4501F73F7B600A4C792 /* MPSWithMetal */,
				6726F4641F73F7B600A4C792 /* MPSWithMetalTests */,
				6726F46F1F73F7B600A4C792 /* MPSWithMetalUITests */,
			);
		};
/* End PBXProject section */

/* Begin PBXResourcesBuildPhase section */
		6726F44F1F73F7B600A4C792 /* Resources */ = {
			isa = PBXResourcesBuildPhase;
			buildActionMask = 2147483647;
			files = (
				6726F45F1F73F7B600A4C792 /* LaunchScreen.storyboard in Resources */,
				6705C9231F7FA69F00788878 /* MPSconfig in Resources */,
				6726F45C1F73F7B600A4C792 /* Assets.xcassets in Resources */,
				6726F45A1F73F7B600A4C792 /* Main.storyboard in Resources */,
			);
			runOnlyForDeploymentPostprocessing = 0;
		};
		6726F4631F73F7B600A4C792 /* Resources */ = {
			isa = PBXResourcesBuildPhase;
			buildActionMask = 2147483647;
			files = (
			);
			runOnlyForDeploymentPostprocessing = 0;
		};
		6726F46E1F73F7B600A4C792 /* Resources */ = {
			isa = PBXResourcesBuildPhase;
			buildActionMask = 2147483647;
			files = (
			);
			runOnlyForDeploymentPostprocessing = 0;
		};
/* End PBXResourcesBuildPhase section */

/* Begin PBXSourcesBuildPhase section */
		6726F44D1F73F7B600A4C792 /* Sources */ = {
			isa = PBXSourcesBuildPhase;
			buildActionMask = 2147483647;
			files = (
				679CE8C61F7676D900A7AA7E /* MPS.swift in Sources */,
				6705C9211F7B413800788878 /* DrawView.swift in Sources */,
				6726F4831F73F7CD00A4C792 /* TensorOps.metal in Sources */,
				6726F4571F73F7B600A4C792 /* ViewController.swift in Sources */,
				6726F4551F73F7B600A4C792 /* AppDelegate.swift in Sources */,
			);
			runOnlyForDeploymentPostprocessing = 0;
		};
		6726F4611F73F7B600A4C792 /* Sources */ = {
			isa = PBXSourcesBuildPhase;
			buildActionMask = 2147483647;
			files = (
				6726F46A1F73F7B600A4C792 /* MPSWithMetalTests.swift in Sources */,
			);
			runOnlyForDeploymentPostprocessing = 0;
		};
		6726F46C1F73F7B600A4C792 /* Sources */ = {
			isa = PBXSourcesBuildPhase;
			buildActionMask = 2147483647;
			files = (
				6726F4751F73F7B600A4C792 /* MPSWithMetalUITests.swift in Sources */,
			);
			runOnlyForDeploymentPostprocessing = 0;
		};
/* End PBXSourcesBuildPhase section */

/* Begin PBXTargetDependency section */
		6726F4671F73F7B600A4C792 /* PBXTargetDependency */ = {
			isa = PBXTargetDependency;
			target = 6726F4501F73F7B600A4C792 /* MPSWithMetal */;
			targetProxy = 6726F4661F73F7B600A4C792 /* PBXContainerItemProxy */;
		};
		6726F4721F73F7B600A4C792 /* PBXTargetDependency */ = {
			isa = PBXTargetDependency;
			target = 6726F4501F73F7B600A4C792 /* MPSWithMetal */;
			targetProxy = 6726F4711F73F7B600A4C792 /* PBXContainerItemProxy */;
		};
/* End PBXTargetDependency section */

/* Begin PBXVariantGroup section */
		6726F4581F73F7B600A4C792 /* Main.storyboard */ = {
			isa = PBXVariantGroup;
			children = (
				6726F4591F73F7B600A4C792 /* Base */,
			);
			name = Main.storyboard;
			sourceTree = "<group>";
		};
		6726F45D1F73F7B600A4C792 /* LaunchScreen.storyboard */ = {
			isa = PBXVariantGroup;
			children = (
				6726F45E1F73F7B600A4C792 /* Base */,
			);
			name = LaunchScreen.storyboard;
			sourceTree = "<group>";
		};
/* End PBXVariantGroup section */

/* Begin XCBuildConfiguration section */
		6726F4771F73F7B600A4C792 /* Debug */ = {
			isa = XCBuildConfiguration;
			buildSettings = {
				ALWAYS_SEARCH_USER_PATHS = NO;
				CLANG_ANALYZER_NONNULL = YES;
				CLANG_ANALYZER_NUMBER_OBJECT_CONVERSION = YES_AGGRESSIVE;
				CLANG_CXX_LANGUAGE_STANDARD = "gnu++14";
				CLANG_CXX_LIBRARY = "libc++";
				CLANG_ENABLE_MODULES = YES;
				CLANG_ENABLE_OBJC_ARC = YES;
				CLANG_WARN_BLOCK_CAPTURE_AUTORELEASING = YES;
				CLANG_WARN_BOOL_CONVERSION = YES;
				CLANG_WARN_COMMA = YES;
				CLANG_WARN_CONSTANT_CONVERSION = YES;
				CLANG_WARN_DIRECT_OBJC_ISA_USAGE = YES_ERROR;
				CLANG_WARN_DOCUMENTATION_COMMENTS = YES;
				CLANG_WARN_EMPTY_BODY = YES;
				CLANG_WARN_ENUM_CONVERSION = YES;
				CLANG_WARN_INFINITE_RECURSION = YES;
				CLANG_WARN_INT_CONVERSION = YES;
				CLANG_WARN_NON_LITERAL_NULL_CONVERSION = YES;
				CLANG_WARN_OBJC_LITERAL_CONVERSION = YES;
				CLANG_WARN_OBJC_ROOT_CLASS = YES_ERROR;
				CLANG_WARN_RANGE_LOOP_ANALYSIS = YES;
				CLANG_WARN_STRICT_PROTOTYPES = YES;
				CLANG_WARN_SUSPICIOUS_MOVE = YES;
				CLANG_WARN_UNGUARDED_AVAILABILITY = YES_AGGRESSIVE;
				CLANG_WARN_UNREACHABLE_CODE = YES;
				CLANG_WARN__DUPLICATE_METHOD_MATCH = YES;
				CODE_SIGN_IDENTITY = "iPhone Developer";
				COPY_PHASE_STRIP = NO;
				DEBUG_INFORMATION_FORMAT = dwarf;
				ENABLE_STRICT_OBJC_MSGSEND = YES;
				ENABLE_TESTABILITY = YES;
				GCC_C_LANGUAGE_STANDARD = gnu11;
				GCC_DYNAMIC_NO_PIC = NO;
				GCC_NO_COMMON_BLOCKS = YES;
				GCC_OPTIMIZATION_LEVEL = 0;
				GCC_PREPROCESSOR_DEFINITIONS = (
					"DEBUG=1",
					"$(inherited)",
				);
				GCC_WARN_64_TO_32_BIT_CONVERSION = YES;
				GCC_WARN_ABOUT_RETURN_TYPE = YES_ERROR;
				GCC_WARN_UNDECLARED_SELECTOR = YES;
				GCC_WARN_UNINITIALIZED_AUTOS = YES_AGGRESSIVE;
				GCC_WARN_UNUSED_FUNCTION = YES;
				GCC_WARN_UNUSED_VARIABLE = YES;
				IPHONEOS_DEPLOYMENT_TARGET = 11.0;
				MTL_ENABLE_DEBUG_INFO = YES;
				ONLY_ACTIVE_ARCH = YES;
				SDKROOT = iphoneos;
				SWIFT_ACTIVE_COMPILATION_CONDITIONS = DEBUG;
				SWIFT_OPTIMIZATION_LEVEL = "-Onone";
			};
			name = Debug;
		};
		6726F4781F73F7B600A4C792 /* Release */ = {
			isa = XCBuildConfiguration;
			buildSettings = {
				ALWAYS_SEARCH_USER_PATHS = NO;
				CLANG_ANALYZER_NONNULL = YES;
				CLANG_ANALYZER_NUMBER_OBJECT_CONVERSION = YES_AGGRESSIVE;
				CLANG_CXX_LANGUAGE_STANDARD = "gnu++14";
				CLANG_CXX_LIBRARY = "libc++";
				CLANG_ENABLE_MODULES = YES;
				CLANG_ENABLE_OBJC_ARC = YES;
				CLANG_WARN_BLOCK_CAPTURE_AUTORELEASING = YES;
				CLANG_WARN_BOOL_CONVERSION = YES;
				CLANG_WARN_COMMA = YES;
				CLANG_WARN_CONSTANT_CONVERSION = YES;
				CLANG_WARN_DIRECT_OBJC_ISA_USAGE = YES_ERROR;
				CLANG_WARN_DOCUMENTATION_COMMENTS = YES;
				CLANG_WARN_EMPTY_BODY = YES;
				CLANG_WARN_ENUM_CONVERSION = YES;
				CLANG_WARN_INFINITE_RECURSION = YES;
				CLANG_WARN_INT_CONVERSION = YES;
				CLANG_WARN_NON_LITERAL_NULL_CONVERSION = YES;
				CLANG_WARN_OBJC_LITERAL_CONVERSION = YES;
				CLANG_WARN_OBJC_ROOT_CLASS = YES_ERROR;
				CLANG_WARN_RANGE_LOOP_ANALYSIS = YES;
				CLANG_WARN_STRICT_PROTOTYPES = YES;
				CLANG_WARN_SUSPICIOUS_MOVE = YES;
				CLANG_WARN_UNGUARDED_AVAILABILITY = YES_AGGRESSIVE;
				CLANG_WARN_UNREACHABLE_CODE = YES;
				CLANG_WARN__DUPLICATE_METHOD_MATCH = YES;
				CODE_SIGN_IDENTITY = "iPhone Developer";
				COPY_PHASE_STRIP = NO;
				DEBUG_INFORMATION_FORMAT = "dwarf-with-dsym";
				ENABLE_NS_ASSERTIONS = NO;
				ENABLE_STRICT_OBJC_MSGSEND = YES;
				GCC_C_LANGUAGE_STANDARD = gnu11;
				GCC_NO_COMMON_BLOCKS = YES;
				GCC_WARN_64_TO_32_BIT_CONVERSION = YES;
				GCC_WARN_ABOUT_RETURN_TYPE = YES_ERROR;
				GCC_WARN_UNDECLARED_SELECTOR = YES;
				GCC_WARN_UNINITIALIZED_AUTOS = YES_AGGRESSIVE;
				GCC_WARN_UNUSED_FUNCTION = YES;
				GCC_WARN_UNUSED_VARIABLE = YES;
				IPHONEOS_DEPLOYMENT_TARGET = 11.0;
				MTL_ENABLE_DEBUG_INFO = NO;
				SDKROOT = iphoneos;
				SWIFT_OPTIMIZATION_LEVEL = "-Owholemodule";
				VALIDATE_PRODUCT = YES;
			};
			name = Release;
		};
		6726F47A1F73F7B600A4C792 /* Debug */ = {
			isa = XCBuildConfiguration;
			buildSettings = {
				ASSETCATALOG_COMPILER_APPICON_NAME = AppIcon;
				DEVELOPMENT_TEAM = KZDMSZY72Y;
				INFOPLIST_FILE = MPSWithMetal/Info.plist;
				LD_RUNPATH_SEARCH_PATHS = "$(inherited) @executable_path/Frameworks";
				PRODUCT_BUNDLE_IDENTIFIER = titaniumapps.MPSWithMetal;
				PRODUCT_NAME = "$(TARGET_NAME)";
				SWIFT_VERSION = 4.0;
				TARGETED_DEVICE_FAMILY = "1,2";
			};
			name = Debug;
		};
		6726F47B1F73F7B600A4C792 /* Release */ = {
			isa = XCBuildConfiguration;
			buildSettings = {
				ASSETCATALOG_COMPILER_APPICON_NAME = AppIcon;
				DEVELOPMENT_TEAM = KZDMSZY72Y;
				INFOPLIST_FILE = MPSWithMetal/Info.plist;
				LD_RUNPATH_SEARCH_PATHS = "$(inherited) @executable_path/Frameworks";
				PRODUCT_BUNDLE_IDENTIFIER = titaniumapps.MPSWithMetal;
				PRODUCT_NAME = "$(TARGET_NAME)";
				SWIFT_VERSION = 4.0;
				TARGETED_DEVICE_FAMILY = "1,2";
			};
			name = Release;
		};
		6726F47D1F73F7B600A4C792 /* Debug */ = {
			isa = XCBuildConfiguration;
			buildSettings = {
				ALWAYS_EMBED_SWIFT_STANDARD_LIBRARIES = YES;
				BUNDLE_LOADER = "$(TEST_HOST)";
				INFOPLIST_FILE = MPSWithMetalTests/Info.plist;
				LD_RUNPATH_SEARCH_PATHS = "$(inherited) @executable_path/Frameworks @loader_path/Frameworks";
				PRODUCT_BUNDLE_IDENTIFIER = titaniumapps.MPSWithMetalTests;
				PRODUCT_NAME = "$(TARGET_NAME)";
				SWIFT_VERSION = 4.0;
				TARGETED_DEVICE_FAMILY = "1,2";
				TEST_HOST = "$(BUILT_PRODUCTS_DIR)/MPSWithMetal.app/MPSWithMetal";
			};
			name = Debug;
		};
		6726F47E1F73F7B600A4C792 /* Release */ = {
			isa = XCBuildConfiguration;
			buildSettings = {
				ALWAYS_EMBED_SWIFT_STANDARD_LIBRARIES = YES;
				BUNDLE_LOADER = "$(TEST_HOST)";
				INFOPLIST_FILE = MPSWithMetalTests/Info.plist;
				LD_RUNPATH_SEARCH_PATHS = "$(inherited) @executable_path/Frameworks @loader_path/Frameworks";
				PRODUCT_BUNDLE_IDENTIFIER = titaniumapps.MPSWithMetalTests;
				PRODUCT_NAME = "$(TARGET_NAME)";
				SWIFT_VERSION = 4.0;
				TARGETED_DEVICE_FAMILY = "1,2";
				TEST_HOST = "$(BUILT_PRODUCTS_DIR)/MPSWithMetal.app/MPSWithMetal";
			};
			name = Release;
		};
		6726F4801F73F7B600A4C792 /* Debug */ = {
			isa = XCBuildConfiguration;
			buildSettings = {
				ALWAYS_EMBED_SWIFT_STANDARD_LIBRARIES = YES;
				INFOPLIST_FILE = MPSWithMetalUITests/Info.plist;
				LD_RUNPATH_SEARCH_PATHS = "$(inherited) @executable_path/Frameworks @loader_path/Frameworks";
				PRODUCT_BUNDLE_IDENTIFIER = titaniumapps.MPSWithMetalUITests;
				PRODUCT_NAME = "$(TARGET_NAME)";
				SWIFT_VERSION = 4.0;
				TARGETED_DEVICE_FAMILY = "1,2";
				TEST_TARGET_NAME = MPSWithMetal;
			};
			name = Debug;
		};
		6726F4811F73F7B600A4C792 /* Release */ = {
			isa = XCBuildConfiguration;
			buildSettings = {
				ALWAYS_EMBED_SWIFT_STANDARD_LIBRARIES = YES;
				INFOPLIST_FILE = MPSWithMetalUITests/Info.plist;
				LD_RUNPATH_SEARCH_PATHS = "$(inherited) @executable_path/Frameworks @loader_path/Frameworks";
				PRODUCT_BUNDLE_IDENTIFIER = titaniumapps.MPSWithMetalUITests;
				PRODUCT_NAME = "$(TARGET_NAME)";
				SWIFT_VERSION = 4.0;
				TARGETED_DEVICE_FAMILY = "1,2";
				TEST_TARGET_NAME = MPSWithMetal;
			};
			name = Release;
		};
/* End XCBuildConfiguration section */

/* Begin XCConfigurationList section */
		6726F44C1F73F7B600A4C792 /* Build configuration list for PBXProject "MPSWithMetal" */ = {
			isa = XCConfigurationList;
			buildConfigurations = (
				6726F4771F73F7B600A4C792 /* Debug */,
				6726F4781F73F7B600A4C792 /* Release */,
			);
			defaultConfigurationIsVisible = 0;
			defaultConfigurationName = Release;
		};
		6726F4791F73F7B600A4C792 /* Build configuration list for PBXNativeTarget "MPSWithMetal" */ = {
			isa = XCConfigurationList;
			buildConfigurations = (
				6726F47A1F73F7B600A4C792 /* Debug */,
				6726F47B1F73F7B600A4C792 /* Release */,
			);
			defaultConfigurationIsVisible = 0;
			defaultConfigurationName = Release;
		};
		6726F47C1F73F7B600A4C792 /* Build configuration list for PBXNativeTarget "MPSWithMetalTests" */ = {
			isa = XCConfigurationList;
			buildConfigurations = (
				6726F47D1F73F7B600A4C792 /* Debug */,
				6726F47E1F73F7B600A4C792 /* Release */,
			);
			defaultConfigurationIsVisible = 0;
			defaultConfigurationName = Release;
		};
		6726F47F1F73F7B600A4C792 /* Build configuration list for PBXNativeTarget "MPSWithMetalUITests" */ = {
			isa = XCConfigurationList;
			buildConfigurations = (
				6726F4801F73F7B600A4C792 /* Debug */,
				6726F4811F73F7B600A4C792 /* Release */,
			);
			defaultConfigurationIsVisible = 0;
			defaultConfigurationName = Release;
		};
/* End XCConfigurationList section */
	};
	rootObject = 6726F4491F73F7B600A4C792 /* Project object */;
}
